// !$*UTF8*$!
{
	archiveVersion = 1;
	classes = {
	};
	objectVersion = 48;
	objects = {

/* Begin PBXBuildFile section */
		DF29C62F20F95ABE0025FB53 /* GDataXMLNode.m in Sources */ = {isa = PBXBuildFile; fileRef = DF29C62E20F95ABE0025FB53 /* GDataXMLNode.m */; };
		DF47C74C20E69A3E002F1D8A /* MealTableViewCell.swift in Sources */ = {isa = PBXBuildFile; fileRef = DF47C74B20E69A3E002F1D8A /* MealTableViewCell.swift */; };
		DF47C74E20E69F8A002F1D8A /* ScheduledMeal.swift in Sources */ = {isa = PBXBuildFile; fileRef = DF47C74D20E69F8A002F1D8A /* ScheduledMeal.swift */; };
		DF707BC020F68ABF006B611A /* StartMealViewController.swift in Sources */ = {isa = PBXBuildFile; fileRef = DF707BBF20F68ABF006B611A /* StartMealViewController.swift */; };
		DF76E74120F6A85700AE5236 /* InMealViewController.swift in Sources */ = {isa = PBXBuildFile; fileRef = DF76E74020F6A85700AE5236 /* InMealViewController.swift */; };
		DF86C5E720ED5FA5001F3778 /* MusicController.swift in Sources */ = {isa = PBXBuildFile; fileRef = DF86C5E620ED5FA4001F3778 /* MusicController.swift */; };
		DFA39A1620E80AAE00E54064 /* MealTableViewController.swift in Sources */ = {isa = PBXBuildFile; fileRef = DFA39A1520E80AAE00E54064 /* MealTableViewController.swift */; };
		DFAC230620F8017400DA24AA /* Kiss The Rain.mp3 in Resources */ = {isa = PBXBuildFile; fileRef = DFAC230120F8017400DA24AA /* Kiss The Rain.mp3 */; };
		DFAC230720F8017400DA24AA /* October.mp3 in Resources */ = {isa = PBXBuildFile; fileRef = DFAC230220F8017400DA24AA /* October.mp3 */; };
		DFAC230820F8017400DA24AA /* PPAP.mp3 in Resources */ = {isa = PBXBuildFile; fileRef = DFAC230320F8017400DA24AA /* PPAP.mp3 */; };
		DFAC230920F8017400DA24AA /* Raise Your Voice.mp3 in Resources */ = {isa = PBXBuildFile; fileRef = DFAC230420F8017400DA24AA /* Raise Your Voice.mp3 */; };
		DFAC230A20F8017400DA24AA /* The Truth That You Leave.mp3 in Resources */ = {isa = PBXBuildFile; fileRef = DFAC230520F8017400DA24AA /* The Truth That You Leave.mp3 */; };
		DFCA432B20F92AD200F32A1F /* ios_camera_app_icon.jpg in Resources */ = {isa = PBXBuildFile; fileRef = DFCA432A20F92AD200F32A1F /* ios_camera_app_icon.jpg */; };
		DFE0DACC20E56628000D63E1 /* MealProfileViewController.swift in Sources */ = {isa = PBXBuildFile; fileRef = DFE0DACB20E56628000D63E1 /* MealProfileViewController.swift */; };
		DFECD17220ED732300515451 /* mealProfile.xml in Resources */ = {isa = PBXBuildFile; fileRef = DFECD17120ED732300515451 /* mealProfile.xml */; };
		F632C3F820E48DD0005D5805 /* AppDelegate.swift in Sources */ = {isa = PBXBuildFile; fileRef = F632C3F720E48DD0005D5805 /* AppDelegate.swift */; };
		F632C3FA20E48DD0005D5805 /* FirstViewController.swift in Sources */ = {isa = PBXBuildFile; fileRef = F632C3F920E48DD0005D5805 /* FirstViewController.swift */; };
		F632C3FC20E48DD0005D5805 /* SecondViewController.swift in Sources */ = {isa = PBXBuildFile; fileRef = F632C3FB20E48DD0005D5805 /* SecondViewController.swift */; };
		F632C3FF20E48DD0005D5805 /* Main.storyboard in Resources */ = {isa = PBXBuildFile; fileRef = F632C3FD20E48DD0005D5805 /* Main.storyboard */; };
		F632C40120E48DD0005D5805 /* Assets.xcassets in Resources */ = {isa = PBXBuildFile; fileRef = F632C40020E48DD0005D5805 /* Assets.xcassets */; };
		F632C40420E48DD0005D5805 /* LaunchScreen.storyboard in Resources */ = {isa = PBXBuildFile; fileRef = F632C40220E48DD0005D5805 /* LaunchScreen.storyboard */; };
		F632C40F20E48DD1005D5805 /* FoodForThoughtTests.swift in Sources */ = {isa = PBXBuildFile; fileRef = F632C40E20E48DD1005D5805 /* FoodForThoughtTests.swift */; };
		F632C41A20E48DD1005D5805 /* FoodForThoughtUITests.swift in Sources */ = {isa = PBXBuildFile; fileRef = F632C41920E48DD1005D5805 /* FoodForThoughtUITests.swift */; };
/* End PBXBuildFile section */

/* Begin PBXContainerItemProxy section */
		F632C40B20E48DD0005D5805 /* PBXContainerItemProxy */ = {
			isa = PBXContainerItemProxy;
			containerPortal = F632C3EC20E48DD0005D5805 /* Project object */;
			proxyType = 1;
			remoteGlobalIDString = F632C3F320E48DD0005D5805;
			remoteInfo = FoodForThought;
		};
		F632C41620E48DD1005D5805 /* PBXContainerItemProxy */ = {
			isa = PBXContainerItemProxy;
			containerPortal = F632C3EC20E48DD0005D5805 /* Project object */;
			proxyType = 1;
			remoteGlobalIDString = F632C3F320E48DD0005D5805;
			remoteInfo = FoodForThought;
		};
/* End PBXContainerItemProxy section */

/* Begin PBXFileReference section */
		DF29C62C20F95AA80025FB53 /* GDataXMLNode.h */ = {isa = PBXFileReference; lastKnownFileType = sourcecode.c.h; path = GDataXMLNode.h; sourceTree = "<group>"; };
		DF29C62D20F95ABD0025FB53 /* FoodForThought-Bridging-Header.h */ = {isa = PBXFileReference; lastKnownFileType = sourcecode.c.h; path = "FoodForThought-Bridging-Header.h"; sourceTree = "<group>"; };
		DF29C62E20F95ABE0025FB53 /* GDataXMLNode.m */ = {isa = PBXFileReference; fileEncoding = 4; lastKnownFileType = sourcecode.c.objc; path = GDataXMLNode.m; sourceTree = "<group>"; };
		DF47C74B20E69A3E002F1D8A /* MealTableViewCell.swift */ = {isa = PBXFileReference; lastKnownFileType = sourcecode.swift; path = MealTableViewCell.swift; sourceTree = "<group>"; };
		DF47C74D20E69F8A002F1D8A /* ScheduledMeal.swift */ = {isa = PBXFileReference; lastKnownFileType = sourcecode.swift; path = ScheduledMeal.swift; sourceTree = "<group>"; };
		DF707BBF20F68ABF006B611A /* StartMealViewController.swift */ = {isa = PBXFileReference; lastKnownFileType = sourcecode.swift; path = StartMealViewController.swift; sourceTree = "<group>"; };
		DF76E74020F6A85700AE5236 /* InMealViewController.swift */ = {isa = PBXFileReference; lastKnownFileType = sourcecode.swift; path = InMealViewController.swift; sourceTree = "<group>"; };
		DF86C5E620ED5FA4001F3778 /* MusicController.swift */ = {isa = PBXFileReference; fileEncoding = 4; lastKnownFileType = sourcecode.swift; path = MusicController.swift; sourceTree = "<group>"; };
		DFA39A1520E80AAE00E54064 /* MealTableViewController.swift */ = {isa = PBXFileReference; lastKnownFileType = sourcecode.swift; path = MealTableViewController.swift; sourceTree = "<group>"; };
		DFAC230120F8017400DA24AA /* Kiss The Rain.mp3 */ = {isa = PBXFileReference; lastKnownFileType = audio.mp3; path = "Kiss The Rain.mp3"; sourceTree = "<group>"; };
		DFAC230220F8017400DA24AA /* October.mp3 */ = {isa = PBXFileReference; lastKnownFileType = audio.mp3; path = October.mp3; sourceTree = "<group>"; };
		DFAC230320F8017400DA24AA /* PPAP.mp3 */ = {isa = PBXFileReference; lastKnownFileType = audio.mp3; path = PPAP.mp3; sourceTree = "<group>"; };
		DFAC230420F8017400DA24AA /* Raise Your Voice.mp3 */ = {isa = PBXFileReference; lastKnownFileType = audio.mp3; path = "Raise Your Voice.mp3"; sourceTree = "<group>"; };
		DFAC230520F8017400DA24AA /* The Truth That You Leave.mp3 */ = {isa = PBXFileReference; lastKnownFileType = audio.mp3; path = "The Truth That You Leave.mp3"; sourceTree = "<group>"; };
		DFCA432A20F92AD200F32A1F /* ios_camera_app_icon.jpg */ = {isa = PBXFileReference; lastKnownFileType = image.jpeg; path = ios_camera_app_icon.jpg; sourceTree = "<group>"; };
		DFE0DACB20E56628000D63E1 /* MealProfileViewController.swift */ = {isa = PBXFileReference; lastKnownFileType = sourcecode.swift; path = MealProfileViewController.swift; sourceTree = "<group>"; };
		DFECD17120ED732300515451 /* mealProfile.xml */ = {isa = PBXFileReference; fileEncoding = 4; lastKnownFileType = text.xml; path = mealProfile.xml; sourceTree = "<group>"; };
		F632C3F420E48DD0005D5805 /* FoodForThought.app */ = {isa = PBXFileReference; explicitFileType = wrapper.application; includeInIndex = 0; path = FoodForThought.app; sourceTree = BUILT_PRODUCTS_DIR; };
		F632C3F720E48DD0005D5805 /* AppDelegate.swift */ = {isa = PBXFileReference; lastKnownFileType = sourcecode.swift; path = AppDelegate.swift; sourceTree = "<group>"; };
		F632C3F920E48DD0005D5805 /* FirstViewController.swift */ = {isa = PBXFileReference; lastKnownFileType = sourcecode.swift; path = FirstViewController.swift; sourceTree = "<group>"; };
		F632C3FB20E48DD0005D5805 /* SecondViewController.swift */ = {isa = PBXFileReference; lastKnownFileType = sourcecode.swift; path = SecondViewController.swift; sourceTree = "<group>"; };
		F632C3FE20E48DD0005D5805 /* Base */ = {isa = PBXFileReference; lastKnownFileType = file.storyboard; name = Base; path = Base.lproj/Main.storyboard; sourceTree = "<group>"; };
		F632C40020E48DD0005D5805 /* Assets.xcassets */ = {isa = PBXFileReference; lastKnownFileType = folder.assetcatalog; path = Assets.xcassets; sourceTree = "<group>"; };
		F632C40320E48DD0005D5805 /* Base */ = {isa = PBXFileReference; lastKnownFileType = file.storyboard; name = Base; path = Base.lproj/LaunchScreen.storyboard; sourceTree = "<group>"; };
		F632C40520E48DD0005D5805 /* Info.plist */ = {isa = PBXFileReference; lastKnownFileType = text.plist.xml; path = Info.plist; sourceTree = "<group>"; };
		F632C40A20E48DD0005D5805 /* FoodForThoughtTests.xctest */ = {isa = PBXFileReference; explicitFileType = wrapper.cfbundle; includeInIndex = 0; path = FoodForThoughtTests.xctest; sourceTree = BUILT_PRODUCTS_DIR; };
		F632C40E20E48DD1005D5805 /* FoodForThoughtTests.swift */ = {isa = PBXFileReference; lastKnownFileType = sourcecode.swift; path = FoodForThoughtTests.swift; sourceTree = "<group>"; };
		F632C41020E48DD1005D5805 /* Info.plist */ = {isa = PBXFileReference; lastKnownFileType = text.plist.xml; path = Info.plist; sourceTree = "<group>"; };
		F632C41520E48DD1005D5805 /* FoodForThoughtUITests.xctest */ = {isa = PBXFileReference; explicitFileType = wrapper.cfbundle; includeInIndex = 0; path = FoodForThoughtUITests.xctest; sourceTree = BUILT_PRODUCTS_DIR; };
		F632C41920E48DD1005D5805 /* FoodForThoughtUITests.swift */ = {isa = PBXFileReference; lastKnownFileType = sourcecode.swift; path = FoodForThoughtUITests.swift; sourceTree = "<group>"; };
		F632C41B20E48DD1005D5805 /* Info.plist */ = {isa = PBXFileReference; lastKnownFileType = text.plist.xml; path = Info.plist; sourceTree = "<group>"; };
/* End PBXFileReference section */

/* Begin PBXFrameworksBuildPhase section */
		F632C3F120E48DD0005D5805 /* Frameworks */ = {
			isa = PBXFrameworksBuildPhase;
			buildActionMask = 2147483647;
			files = (
			);
			runOnlyForDeploymentPostprocessing = 0;
		};
		F632C40720E48DD0005D5805 /* Frameworks */ = {
			isa = PBXFrameworksBuildPhase;
			buildActionMask = 2147483647;
			files = (
			);
			runOnlyForDeploymentPostprocessing = 0;
		};
		F632C41220E48DD1005D5805 /* Frameworks */ = {
			isa = PBXFrameworksBuildPhase;
			buildActionMask = 2147483647;
			files = (
			);
			runOnlyForDeploymentPostprocessing = 0;
		};
/* End PBXFrameworksBuildPhase section */

/* Begin PBXGroup section */
		DFAC230020F8017400DA24AA /* Music */ = {
			isa = PBXGroup;
			children = (
				DFAC230120F8017400DA24AA /* Kiss The Rain.mp3 */,
				DFAC230220F8017400DA24AA /* October.mp3 */,
				DFAC230320F8017400DA24AA /* PPAP.mp3 */,
				DFAC230420F8017400DA24AA /* Raise Your Voice.mp3 */,
				DFAC230520F8017400DA24AA /* The Truth That You Leave.mp3 */,
			);
			path = Music;
			sourceTree = "<group>";
		};
		DFCA432920F92A5800F32A1F /* Images */ = {
			isa = PBXGroup;
			children = (
				DFCA432A20F92AD200F32A1F /* ios_camera_app_icon.jpg */,
			);
			path = Images;
			sourceTree = "<group>";
		};
		F632C3EB20E48DD0005D5805 = {
			isa = PBXGroup;
			children = (
				F632C3F620E48DD0005D5805 /* FoodForThought */,
				F632C40D20E48DD1005D5805 /* FoodForThoughtTests */,
				F632C41820E48DD1005D5805 /* FoodForThoughtUITests */,
				F632C3F520E48DD0005D5805 /* Products */,
			);
			sourceTree = "<group>";
		};
		F632C3F520E48DD0005D5805 /* Products */ = {
			isa = PBXGroup;
			children = (
				F632C3F420E48DD0005D5805 /* FoodForThought.app */,
				F632C40A20E48DD0005D5805 /* FoodForThoughtTests.xctest */,
				F632C41520E48DD1005D5805 /* FoodForThoughtUITests.xctest */,
			);
			name = Products;
			sourceTree = "<group>";
		};
		F632C3F620E48DD0005D5805 /* FoodForThought */ = {
			isa = PBXGroup;
			children = (
				DFCA432920F92A5800F32A1F /* Images */,
				DFECD17120ED732300515451 /* mealProfile.xml */,
				F632C3F720E48DD0005D5805 /* AppDelegate.swift */,
				F632C3F920E48DD0005D5805 /* FirstViewController.swift */,
				F632C3FB20E48DD0005D5805 /* SecondViewController.swift */,
				F632C3FD20E48DD0005D5805 /* Main.storyboard */,
				DF76E74020F6A85700AE5236 /* InMealViewController.swift */,
				DF707BBF20F68ABF006B611A /* StartMealViewController.swift */,
				DF47C74B20E69A3E002F1D8A /* MealTableViewCell.swift */,
				F632C40020E48DD0005D5805 /* Assets.xcassets */,
				F632C40220E48DD0005D5805 /* LaunchScreen.storyboard */,
				F632C40520E48DD0005D5805 /* Info.plist */,
				DFE0DACB20E56628000D63E1 /* MealProfileViewController.swift */,
				DFA39A1520E80AAE00E54064 /* MealTableViewController.swift */,
				DF47C74D20E69F8A002F1D8A /* ScheduledMeal.swift */,
				DF86C5E620ED5FA4001F3778 /* MusicController.swift */,
				DF29C62C20F95AA80025FB53 /* GDataXMLNode.h */,
				DF29C62E20F95ABE0025FB53 /* GDataXMLNode.m */,
				DFAC230020F8017400DA24AA /* Music */,
				DF29C62D20F95ABD0025FB53 /* FoodForThought-Bridging-Header.h */,
			);
			path = FoodForThought;
			sourceTree = "<group>";
		};
		F632C40D20E48DD1005D5805 /* FoodForThoughtTests */ = {
			isa = PBXGroup;
			children = (
				F632C40E20E48DD1005D5805 /* FoodForThoughtTests.swift */,
				F632C41020E48DD1005D5805 /* Info.plist */,
			);
			path = FoodForThoughtTests;
			sourceTree = "<group>";
		};
		F632C41820E48DD1005D5805 /* FoodForThoughtUITests */ = {
			isa = PBXGroup;
			children = (
				F632C41920E48DD1005D5805 /* FoodForThoughtUITests.swift */,
				F632C41B20E48DD1005D5805 /* Info.plist */,
			);
			path = FoodForThoughtUITests;
			sourceTree = "<group>";
		};
/* End PBXGroup section */

/* Begin PBXNativeTarget section */
		F632C3F320E48DD0005D5805 /* FoodForThought */ = {
			isa = PBXNativeTarget;
			buildConfigurationList = F632C41E20E48DD1005D5805 /* Build configuration list for PBXNativeTarget "FoodForThought" */;
			buildPhases = (
				F632C3F020E48DD0005D5805 /* Sources */,
				F632C3F120E48DD0005D5805 /* Frameworks */,
				F632C3F220E48DD0005D5805 /* Resources */,
			);
			buildRules = (
			);
			dependencies = (
			);
			name = FoodForThought;
			productName = FoodForThought;
			productReference = F632C3F420E48DD0005D5805 /* FoodForThought.app */;
			productType = "com.apple.product-type.application";
		};
		F632C40920E48DD0005D5805 /* FoodForThoughtTests */ = {
			isa = PBXNativeTarget;
			buildConfigurationList = F632C42120E48DD1005D5805 /* Build configuration list for PBXNativeTarget "FoodForThoughtTests" */;
			buildPhases = (
				F632C40620E48DD0005D5805 /* Sources */,
				F632C40720E48DD0005D5805 /* Frameworks */,
				F632C40820E48DD0005D5805 /* Resources */,
			);
			buildRules = (
			);
			dependencies = (
				F632C40C20E48DD0005D5805 /* PBXTargetDependency */,
			);
			name = FoodForThoughtTests;
			productName = FoodForThoughtTests;
			productReference = F632C40A20E48DD0005D5805 /* FoodForThoughtTests.xctest */;
			productType = "com.apple.product-type.bundle.unit-test";
		};
		F632C41420E48DD1005D5805 /* FoodForThoughtUITests */ = {
			isa = PBXNativeTarget;
			buildConfigurationList = F632C42420E48DD1005D5805 /* Build configuration list for PBXNativeTarget "FoodForThoughtUITests" */;
			buildPhases = (
				F632C41120E48DD1005D5805 /* Sources */,
				F632C41220E48DD1005D5805 /* Frameworks */,
				F632C41320E48DD1005D5805 /* Resources */,
			);
			buildRules = (
			);
			dependencies = (
				F632C41720E48DD1005D5805 /* PBXTargetDependency */,
			);
			name = FoodForThoughtUITests;
			productName = FoodForThoughtUITests;
			productReference = F632C41520E48DD1005D5805 /* FoodForThoughtUITests.xctest */;
			productType = "com.apple.product-type.bundle.ui-testing";
		};
/* End PBXNativeTarget section */

/* Begin PBXProject section */
		F632C3EC20E48DD0005D5805 /* Project object */ = {
			isa = PBXProject;
			attributes = {
				LastSwiftUpdateCheck = 0920;
				LastUpgradeCheck = 0920;
				ORGANIZATIONNAME = "Jordan Ehrenholz";
				TargetAttributes = {
					F632C3F320E48DD0005D5805 = {
						CreatedOnToolsVersion = 9.2;
						LastSwiftMigration = 0920;
						ProvisioningStyle = Automatic;
					};
					F632C40920E48DD0005D5805 = {
						CreatedOnToolsVersion = 9.2;
						ProvisioningStyle = Automatic;
						TestTargetID = F632C3F320E48DD0005D5805;
					};
					F632C41420E48DD1005D5805 = {
						CreatedOnToolsVersion = 9.2;
						ProvisioningStyle = Automatic;
						TestTargetID = F632C3F320E48DD0005D5805;
					};
				};
			};
			buildConfigurationList = F632C3EF20E48DD0005D5805 /* Build configuration list for PBXProject "FoodForThought" */;
			compatibilityVersion = "Xcode 8.0";
			developmentRegion = en;
			hasScannedForEncodings = 0;
			knownRegions = (
				en,
				Base,
			);
			mainGroup = F632C3EB20E48DD0005D5805;
			productRefGroup = F632C3F520E48DD0005D5805 /* Products */;
			projectDirPath = "";
			projectRoot = "";
			targets = (
				F632C3F320E48DD0005D5805 /* FoodForThought */,
				F632C40920E48DD0005D5805 /* FoodForThoughtTests */,
				F632C41420E48DD1005D5805 /* FoodForThoughtUITests */,
			);
		};
/* End PBXProject section */

/* Begin PBXResourcesBuildPhase section */
		F632C3F220E48DD0005D5805 /* Resources */ = {
			isa = PBXResourcesBuildPhase;
			buildActionMask = 2147483647;
			files = (
				F632C40420E48DD0005D5805 /* LaunchScreen.storyboard in Resources */,
				DFAC230820F8017400DA24AA /* PPAP.mp3 in Resources */,
				DFAC230720F8017400DA24AA /* October.mp3 in Resources */,
				DFAC230920F8017400DA24AA /* Raise Your Voice.mp3 in Resources */,
				F632C40120E48DD0005D5805 /* Assets.xcassets in Resources */,
				DFAC230620F8017400DA24AA /* Kiss The Rain.mp3 in Resources */,
				DFECD17220ED732300515451 /* mealProfile.xml in Resources */,
				F632C3FF20E48DD0005D5805 /* Main.storyboard in Resources */,
				DFAC230A20F8017400DA24AA /* The Truth That You Leave.mp3 in Resources */,
				DFCA432B20F92AD200F32A1F /* ios_camera_app_icon.jpg in Resources */,
			);
			runOnlyForDeploymentPostprocessing = 0;
		};
		F632C40820E48DD0005D5805 /* Resources */ = {
			isa = PBXResourcesBuildPhase;
			buildActionMask = 2147483647;
			files = (
			);
			runOnlyForDeploymentPostprocessing = 0;
		};
		F632C41320E48DD1005D5805 /* Resources */ = {
			isa = PBXResourcesBuildPhase;
			buildActionMask = 2147483647;
			files = (
			);
			runOnlyForDeploymentPostprocessing = 0;
		};
/* End PBXResourcesBuildPhase section */

/* Begin PBXSourcesBuildPhase section */
		F632C3F020E48DD0005D5805 /* Sources */ = {
			isa = PBXSourcesBuildPhase;
			buildActionMask = 2147483647;
			files = (
				DF707BC020F68ABF006B611A /* StartMealViewController.swift in Sources */,
				DF47C74E20E69F8A002F1D8A /* ScheduledMeal.swift in Sources */,
				F632C3FC20E48DD0005D5805 /* SecondViewController.swift in Sources */,
				DFE0DACC20E56628000D63E1 /* MealProfileViewController.swift in Sources */,
				F632C3F820E48DD0005D5805 /* AppDelegate.swift in Sources */,
				DF47C74C20E69A3E002F1D8A /* MealTableViewCell.swift in Sources */,
				DF86C5E720ED5FA5001F3778 /* MusicController.swift in Sources */,
				DF29C62F20F95ABE0025FB53 /* GDataXMLNode.m in Sources */,
				DFA39A1620E80AAE00E54064 /* MealTableViewController.swift in Sources */,
				DF76E74120F6A85700AE5236 /* InMealViewController.swift in Sources */,
				F632C3FA20E48DD0005D5805 /* FirstViewController.swift in Sources */,
			);
			runOnlyForDeploymentPostprocessing = 0;
		};
		F632C40620E48DD0005D5805 /* Sources */ = {
			isa = PBXSourcesBuildPhase;
			buildActionMask = 2147483647;
			files = (
				F632C40F20E48DD1005D5805 /* FoodForThoughtTests.swift in Sources */,
			);
			runOnlyForDeploymentPostprocessing = 0;
		};
		F632C41120E48DD1005D5805 /* Sources */ = {
			isa = PBXSourcesBuildPhase;
			buildActionMask = 2147483647;
			files = (
				F632C41A20E48DD1005D5805 /* FoodForThoughtUITests.swift in Sources */,
			);
			runOnlyForDeploymentPostprocessing = 0;
		};
/* End PBXSourcesBuildPhase section */

/* Begin PBXTargetDependency section */
		F632C40C20E48DD0005D5805 /* PBXTargetDependency */ = {
			isa = PBXTargetDependency;
			target = F632C3F320E48DD0005D5805 /* FoodForThought */;
			targetProxy = F632C40B20E48DD0005D5805 /* PBXContainerItemProxy */;
		};
		F632C41720E48DD1005D5805 /* PBXTargetDependency */ = {
			isa = PBXTargetDependency;
			target = F632C3F320E48DD0005D5805 /* FoodForThought */;
			targetProxy = F632C41620E48DD1005D5805 /* PBXContainerItemProxy */;
		};
/* End PBXTargetDependency section */

/* Begin PBXVariantGroup section */
		F632C3FD20E48DD0005D5805 /* Main.storyboard */ = {
			isa = PBXVariantGroup;
			children = (
				F632C3FE20E48DD0005D5805 /* Base */,
			);
			name = Main.storyboard;
			sourceTree = "<group>";
		};
		F632C40220E48DD0005D5805 /* LaunchScreen.storyboard */ = {
			isa = PBXVariantGroup;
			children = (
				F632C40320E48DD0005D5805 /* Base */,
			);
			name = LaunchScreen.storyboard;
			sourceTree = "<group>";
		};
/* End PBXVariantGroup section */

/* Begin XCBuildConfiguration section */
		F632C41C20E48DD1005D5805 /* Debug */ = {
			isa = XCBuildConfiguration;
			buildSettings = {
				ALWAYS_SEARCH_USER_PATHS = NO;
				CLANG_ANALYZER_NONNULL = YES;
				CLANG_ANALYZER_NUMBER_OBJECT_CONVERSION = YES_AGGRESSIVE;
				CLANG_CXX_LANGUAGE_STANDARD = "gnu++14";
				CLANG_CXX_LIBRARY = "libc++";
				CLANG_ENABLE_MODULES = YES;
				CLANG_ENABLE_OBJC_ARC = YES;
				CLANG_WARN_BLOCK_CAPTURE_AUTORELEASING = YES;
				CLANG_WARN_BOOL_CONVERSION = YES;
				CLANG_WARN_COMMA = YES;
				CLANG_WARN_CONSTANT_CONVERSION = YES;
				CLANG_WARN_DIRECT_OBJC_ISA_USAGE = YES_ERROR;
				CLANG_WARN_DOCUMENTATION_COMMENTS = YES;
				CLANG_WARN_EMPTY_BODY = YES;
				CLANG_WARN_ENUM_CONVERSION = YES;
				CLANG_WARN_INFINITE_RECURSION = YES;
				CLANG_WARN_INT_CONVERSION = YES;
				CLANG_WARN_NON_LITERAL_NULL_CONVERSION = YES;
				CLANG_WARN_OBJC_LITERAL_CONVERSION = YES;
				CLANG_WARN_OBJC_ROOT_CLASS = YES_ERROR;
				CLANG_WARN_RANGE_LOOP_ANALYSIS = YES;
				CLANG_WARN_STRICT_PROTOTYPES = YES;
				CLANG_WARN_SUSPICIOUS_MOVE = YES;
				CLANG_WARN_UNGUARDED_AVAILABILITY = YES_AGGRESSIVE;
				CLANG_WARN_UNREACHABLE_CODE = YES;
				CLANG_WARN__DUPLICATE_METHOD_MATCH = YES;
				CODE_SIGN_IDENTITY = "iPhone Developer";
				COPY_PHASE_STRIP = NO;
				DEBUG_INFORMATION_FORMAT = dwarf;
				ENABLE_STRICT_OBJC_MSGSEND = YES;
				ENABLE_TESTABILITY = YES;
				GCC_C_LANGUAGE_STANDARD = gnu11;
				GCC_DYNAMIC_NO_PIC = NO;
				GCC_NO_COMMON_BLOCKS = YES;
				GCC_OPTIMIZATION_LEVEL = 0;
				GCC_PREPROCESSOR_DEFINITIONS = (
					"DEBUG=1",
					"$(inherited)",
				);
				GCC_WARN_64_TO_32_BIT_CONVERSION = YES;
				GCC_WARN_ABOUT_RETURN_TYPE = YES_ERROR;
				GCC_WARN_UNDECLARED_SELECTOR = YES;
				GCC_WARN_UNINITIALIZED_AUTOS = YES_AGGRESSIVE;
				GCC_WARN_UNUSED_FUNCTION = YES;
				GCC_WARN_UNUSED_VARIABLE = YES;
				IPHONEOS_DEPLOYMENT_TARGET = 11.2;
				MTL_ENABLE_DEBUG_INFO = YES;
				ONLY_ACTIVE_ARCH = YES;
				SDKROOT = iphoneos;
				SWIFT_ACTIVE_COMPILATION_CONDITIONS = DEBUG;
				SWIFT_OPTIMIZATION_LEVEL = "-Onone";
			};
			name = Debug;
		};
		F632C41D20E48DD1005D5805 /* Release */ = {
			isa = XCBuildConfiguration;
			buildSettings = {
				ALWAYS_SEARCH_USER_PATHS = NO;
				CLANG_ANALYZER_NONNULL = YES;
				CLANG_ANALYZER_NUMBER_OBJECT_CONVERSION = YES_AGGRESSIVE;
				CLANG_CXX_LANGUAGE_STANDARD = "gnu++14";
				CLANG_CXX_LIBRARY = "libc++";
				CLANG_ENABLE_MODULES = YES;
				CLANG_ENABLE_OBJC_ARC = YES;
				CLANG_WARN_BLOCK_CAPTURE_AUTORELEASING = YES;
				CLANG_WARN_BOOL_CONVERSION = YES;
				CLANG_WARN_COMMA = YES;
				CLANG_WARN_CONSTANT_CONVERSION = YES;
				CLANG_WARN_DIRECT_OBJC_ISA_USAGE = YES_ERROR;
				CLANG_WARN_DOCUMENTATION_COMMENTS = YES;
				CLANG_WARN_EMPTY_BODY = YES;
				CLANG_WARN_ENUM_CONVERSION = YES;
				CLANG_WARN_INFINITE_RECURSION = YES;
				CLANG_WARN_INT_CONVERSION = YES;
				CLANG_WARN_NON_LITERAL_NULL_CONVERSION = YES;
				CLANG_WARN_OBJC_LITERAL_CONVERSION = YES;
				CLANG_WARN_OBJC_ROOT_CLASS = YES_ERROR;
				CLANG_WARN_RANGE_LOOP_ANALYSIS = YES;
				CLANG_WARN_STRICT_PROTOTYPES = YES;
				CLANG_WARN_SUSPICIOUS_MOVE = YES;
				CLANG_WARN_UNGUARDED_AVAILABILITY = YES_AGGRESSIVE;
				CLANG_WARN_UNREACHABLE_CODE = YES;
				CLANG_WARN__DUPLICATE_METHOD_MATCH = YES;
				CODE_SIGN_IDENTITY = "iPhone Developer";
				COPY_PHASE_STRIP = NO;
				DEBUG_INFORMATION_FORMAT = "dwarf-with-dsym";
				ENABLE_NS_ASSERTIONS = NO;
				ENABLE_STRICT_OBJC_MSGSEND = YES;
				GCC_C_LANGUAGE_STANDARD = gnu11;
				GCC_NO_COMMON_BLOCKS = YES;
				GCC_WARN_64_TO_32_BIT_CONVERSION = YES;
				GCC_WARN_ABOUT_RETURN_TYPE = YES_ERROR;
				GCC_WARN_UNDECLARED_SELECTOR = YES;
				GCC_WARN_UNINITIALIZED_AUTOS = YES_AGGRESSIVE;
				GCC_WARN_UNUSED_FUNCTION = YES;
				GCC_WARN_UNUSED_VARIABLE = YES;
				IPHONEOS_DEPLOYMENT_TARGET = 11.2;
				MTL_ENABLE_DEBUG_INFO = NO;
				SDKROOT = iphoneos;
				SWIFT_OPTIMIZATION_LEVEL = "-Owholemodule";
				VALIDATE_PRODUCT = YES;
			};
			name = Release;
		};
		F632C41F20E48DD1005D5805 /* Debug */ = {
			isa = XCBuildConfiguration;
			buildSettings = {
				ASSETCATALOG_COMPILER_APPICON_NAME = AppIcon;
				CLANG_ENABLE_MODULES = YES;
				CLANG_ENABLE_OBJC_ARC = NO;
				CODE_SIGN_STYLE = Automatic;
				DEVELOPMENT_TEAM = DB3D83U263;
				HEADER_SEARCH_PATHS = /usr/include/libxml2;
				INFOPLIST_FILE = FoodForThought/Info.plist;
				LD_RUNPATH_SEARCH_PATHS = "$(inherited) @executable_path/Frameworks";
				OTHER_LDFLAGS = "-lxml2";
				PRODUCT_BUNDLE_IDENTIFIER = edu.self.FoodForThought;
				PRODUCT_NAME = "$(TARGET_NAME)";
				SWIFT_OBJC_BRIDGING_HEADER = "FoodForThought/FoodForThought-Bridging-Header.h";
				SWIFT_OPTIMIZATION_LEVEL = "-Onone";
				SWIFT_VERSION = 4.0;
				TARGETED_DEVICE_FAMILY = "1,2";
			};
			name = Debug;
		};
		F632C42020E48DD1005D5805 /* Release */ = {
			isa = XCBuildConfiguration;
			buildSettings = {
				ASSETCATALOG_COMPILER_APPICON_NAME = AppIcon;
				CLANG_ENABLE_MODULES = YES;
				CLANG_ENABLE_OBJC_ARC = NO;
				CODE_SIGN_STYLE = Automatic;
				DEVELOPMENT_TEAM = DB3D83U263;
				HEADER_SEARCH_PATHS = /usr/include/libxml2;
				INFOPLIST_FILE = FoodForThought/Info.plist;
				LD_RUNPATH_SEARCH_PATHS = "$(inherited) @executable_path/Frameworks";
				OTHER_LDFLAGS = "-lxml2";
				PRODUCT_BUNDLE_IDENTIFIER = edu.self.FoodForThought;
				PRODUCT_NAME = "$(TARGET_NAME)";
				SWIFT_OBJC_BRIDGING_HEADER = "FoodForThought/FoodForThought-Bridging-Header.h";
				SWIFT_VERSION = 4.0;
				TARGETED_DEVICE_FAMILY = "1,2";
			};
			name = Release;
		};
		F632C42220E48DD1005D5805 /* Debug */ = {
			isa = XCBuildConfiguration;
			buildSettings = {
				ALWAYS_EMBED_SWIFT_STANDARD_LIBRARIES = YES;
				BUNDLE_LOADER = "$(TEST_HOST)";
				CODE_SIGN_STYLE = Automatic;
				INFOPLIST_FILE = FoodForThoughtTests/Info.plist;
				LD_RUNPATH_SEARCH_PATHS = "$(inherited) @executable_path/Frameworks @loader_path/Frameworks";
				PRODUCT_BUNDLE_IDENTIFIER = edu.self.FoodForThoughtTests;
				PRODUCT_NAME = "$(TARGET_NAME)";
				SWIFT_VERSION = 4.0;
				TARGETED_DEVICE_FAMILY = "1,2";
				TEST_HOST = "$(BUILT_PRODUCTS_DIR)/FoodForThought.app/FoodForThought";
			};
			name = Debug;
		};
		F632C42320E48DD1005D5805 /* Release */ = {
			isa = XCBuildConfiguration;
			buildSettings = {
				ALWAYS_EMBED_SWIFT_STANDARD_LIBRARIES = YES;
				BUNDLE_LOADER = "$(TEST_HOST)";
				CODE_SIGN_STYLE = Automatic;
				INFOPLIST_FILE = FoodForThoughtTests/Info.plist;
				LD_RUNPATH_SEARCH_PATHS = "$(inherited) @executable_path/Frameworks @loader_path/Frameworks";
				PRODUCT_BUNDLE_IDENTIFIER = edu.self.FoodForThoughtTests;
				PRODUCT_NAME = "$(TARGET_NAME)";
				SWIFT_VERSION = 4.0;
				TARGETED_DEVICE_FAMILY = "1,2";
				TEST_HOST = "$(BUILT_PRODUCTS_DIR)/FoodForThought.app/FoodForThought";
			};
			name = Release;
		};
		F632C42520E48DD1005D5805 /* Debug */ = {
			isa = XCBuildConfiguration;
			buildSettings = {
				ALWAYS_EMBED_SWIFT_STANDARD_LIBRARIES = YES;
				CODE_SIGN_STYLE = Automatic;
				INFOPLIST_FILE = FoodForThoughtUITests/Info.plist;
				LD_RUNPATH_SEARCH_PATHS = "$(inherited) @executable_path/Frameworks @loader_path/Frameworks";
				PRODUCT_BUNDLE_IDENTIFIER = edu.self.FoodForThoughtUITests;
				PRODUCT_NAME = "$(TARGET_NAME)";
				SWIFT_VERSION = 4.0;
				TARGETED_DEVICE_FAMILY = "1,2";
				TEST_TARGET_NAME = FoodForThought;
			};
			name = Debug;
		};
		F632C42620E48DD1005D5805 /* Release */ = {
			isa = XCBuildConfiguration;
			buildSettings = {
				ALWAYS_EMBED_SWIFT_STANDARD_LIBRARIES = YES;
				CODE_SIGN_STYLE = Automatic;
				INFOPLIST_FILE = FoodForThoughtUITests/Info.plist;
				LD_RUNPATH_SEARCH_PATHS = "$(inherited) @executable_path/Frameworks @loader_path/Frameworks";
				PRODUCT_BUNDLE_IDENTIFIER = edu.self.FoodForThoughtUITests;
				PRODUCT_NAME = "$(TARGET_NAME)";
				SWIFT_VERSION = 4.0;
				TARGETED_DEVICE_FAMILY = "1,2";
				TEST_TARGET_NAME = FoodForThought;
			};
			name = Release;
		};
/* End XCBuildConfiguration section */

/* Begin XCConfigurationList section */
		F632C3EF20E48DD0005D5805 /* Build configuration list for PBXProject "FoodForThought" */ = {
			isa = XCConfigurationList;
			buildConfigurations = (
				F632C41C20E48DD1005D5805 /* Debug */,
				F632C41D20E48DD1005D5805 /* Release */,
			);
			defaultConfigurationIsVisible = 0;
			defaultConfigurationName = Release;
		};
		F632C41E20E48DD1005D5805 /* Build configuration list for PBXNativeTarget "FoodForThought" */ = {
			isa = XCConfigurationList;
			buildConfigurations = (
				F632C41F20E48DD1005D5805 /* Debug */,
				F632C42020E48DD1005D5805 /* Release */,
			);
			defaultConfigurationIsVisible = 0;
			defaultConfigurationName = Release;
		};
		F632C42120E48DD1005D5805 /* Build configuration list for PBXNativeTarget "FoodForThoughtTests" */ = {
			isa = XCConfigurationList;
			buildConfigurations = (
				F632C42220E48DD1005D5805 /* Debug */,
				F632C42320E48DD1005D5805 /* Release */,
			);
			defaultConfigurationIsVisible = 0;
			defaultConfigurationName = Release;
		};
		F632C42420E48DD1005D5805 /* Build configuration list for PBXNativeTarget "FoodForThoughtUITests" */ = {
			isa = XCConfigurationList;
			buildConfigurations = (
				F632C42520E48DD1005D5805 /* Debug */,
				F632C42620E48DD1005D5805 /* Release */,
			);
			defaultConfigurationIsVisible = 0;
			defaultConfigurationName = Release;
		};
/* End XCConfigurationList section */
	};
	rootObject = F632C3EC20E48DD0005D5805 /* Project object */;
}
